
Microsoft Visual Studio Solution File, Format Version 12.00
# Visual Studio Version 16
VisualStudioVersion = 16.0.30907.101
MinimumVisualStudioVersion = 10.0.40219.1
Project("{8BC9CEB8-8B4A-11D0-8D11-00A0C91BC942}") = "1054", "1054.vcxproj", "{F41DF1E1-5E06-4097-8DD5-EFFF31AAEE72}"
EndProject
Global
	GlobalSection(SolutionConfigurationPlatforms) = preSolution
		Debug|x64 = Debug|x64
		Debug|x86 = Debug|x86
		Release|x64 = Release|x64
		Release|x86 = Release|x86
	EndGlobalSection
	GlobalSection(ProjectConfigurationPlatforms) = postSolution
		{F41DF1E1-5E06-4097-8DD5-EFFF31AAEE72}.Debug|x64.ActiveCfg = Debug|x64
		{F41DF1E1-5E06-4097-8DD5-EFFF31AAEE72}.Debug|x64.Build.0 = Debug|x64
		{F41DF1E1-5E06-4097-8DD5-EFFF31AAEE72}.Debug|x86.ActiveCfg = Debug|Win32
		{F41DF1E1-5E06-4097-8DD5-EFFF31AAEE72}.Debug|x86.Build.0 = Debug|Win32
		{F41DF1E1-5E06-4097-8DD5-EFFF31AAEE72}.Release|x64.ActiveCfg = Release|x64
		{F41DF1E1-5E06-4097-8DD5-EFFF31AAEE72}.Release|x64.Build.0 = Release|x64
		{F41DF1E1-5E06-4097-8DD5-EFFF31AAEE72}.Release|x86.ActiveCfg = Release|Win32
		{F41DF1E1-5E06-4097-8DD5-EFFF31AAEE72}.Release|x86.Build.0 = Release|Win32
	EndGlobalSection
	GlobalSection(SolutionProperties) = preSolution
		HideSolutionNode = FALSE
	EndGlobalSection
	GlobalSection(ExtensibilityGlobals) = postSolution
		SolutionGuid = {902B0F72-54F0-4F6A-AEB7-0EF08467C34C}
	EndGlobalSection
EndGlobal
