
Microsoft Visual Studio Solution File, Format Version 12.00
# Visual Studio Version 16
VisualStudioVersion = 16.0.30907.101
MinimumVisualStudioVersion = 10.0.40219.1
Project("{8BC9CEB8-8B4A-11D0-8D11-00A0C91BC942}") = "1036", "1036.vcxproj", "{9EECA833-1907-41B1-AC99-FA6702A5E7E9}"
EndProject
Global
	GlobalSection(SolutionConfigurationPlatforms) = preSolution
		Debug|x64 = Debug|x64
		Debug|x86 = Debug|x86
		Release|x64 = Release|x64
		Release|x86 = Release|x86
	EndGlobalSection
	GlobalSection(ProjectConfigurationPlatforms) = postSolution
		{9EECA833-1907-41B1-AC99-FA6702A5E7E9}.Debug|x64.ActiveCfg = Debug|x64
		{9EECA833-1907-41B1-AC99-FA6702A5E7E9}.Debug|x64.Build.0 = Debug|x64
		{9EECA833-1907-41B1-AC99-FA6702A5E7E9}.Debug|x86.ActiveCfg = Debug|Win32
		{9EECA833-1907-41B1-AC99-FA6702A5E7E9}.Debug|x86.Build.0 = Debug|Win32
		{9EECA833-1907-41B1-AC99-FA6702A5E7E9}.Release|x64.ActiveCfg = Release|x64
		{9EECA833-1907-41B1-AC99-FA6702A5E7E9}.Release|x64.Build.0 = Release|x64
		{9EECA833-1907-41B1-AC99-FA6702A5E7E9}.Release|x86.ActiveCfg = Release|Win32
		{9EECA833-1907-41B1-AC99-FA6702A5E7E9}.Release|x86.Build.0 = Release|Win32
	EndGlobalSection
	GlobalSection(SolutionProperties) = preSolution
		HideSolutionNode = FALSE
	EndGlobalSection
	GlobalSection(ExtensibilityGlobals) = postSolution
		SolutionGuid = {16ABF0C6-D35C-43AD-A7B5-EF706515279B}
	EndGlobalSection
EndGlobal
