
Microsoft Visual Studio Solution File, Format Version 12.00
# Visual Studio Version 16
VisualStudioVersion = 16.0.30907.101
MinimumVisualStudioVersion = 10.0.40219.1
Project("{8BC9CEB8-8B4A-11D0-8D11-00A0C91BC942}") = "1050", "1050.vcxproj", "{50CBEC24-DEBC-4325-A9E3-ED0A15D217AE}"
EndProject
Global
	GlobalSection(SolutionConfigurationPlatforms) = preSolution
		Debug|x64 = Debug|x64
		Debug|x86 = Debug|x86
		Release|x64 = Release|x64
		Release|x86 = Release|x86
	EndGlobalSection
	GlobalSection(ProjectConfigurationPlatforms) = postSolution
		{50CBEC24-DEBC-4325-A9E3-ED0A15D217AE}.Debug|x64.ActiveCfg = Debug|x64
		{50CBEC24-DEBC-4325-A9E3-ED0A15D217AE}.Debug|x64.Build.0 = Debug|x64
		{50CBEC24-DEBC-4325-A9E3-ED0A15D217AE}.Debug|x86.ActiveCfg = Debug|Win32
		{50CBEC24-DEBC-4325-A9E3-ED0A15D217AE}.Debug|x86.Build.0 = Debug|Win32
		{50CBEC24-DEBC-4325-A9E3-ED0A15D217AE}.Release|x64.ActiveCfg = Release|x64
		{50CBEC24-DEBC-4325-A9E3-ED0A15D217AE}.Release|x64.Build.0 = Release|x64
		{50CBEC24-DEBC-4325-A9E3-ED0A15D217AE}.Release|x86.ActiveCfg = Release|Win32
		{50CBEC24-DEBC-4325-A9E3-ED0A15D217AE}.Release|x86.Build.0 = Release|Win32
	EndGlobalSection
	GlobalSection(SolutionProperties) = preSolution
		HideSolutionNode = FALSE
	EndGlobalSection
	GlobalSection(ExtensibilityGlobals) = postSolution
		SolutionGuid = {616BD4C7-C636-4B01-A6EB-0A7EC979CFC4}
	EndGlobalSection
EndGlobal
