
Microsoft Visual Studio Solution File, Format Version 12.00
# Visual Studio Version 16
VisualStudioVersion = 16.0.30907.101
MinimumVisualStudioVersion = 10.0.40219.1
Project("{8BC9CEB8-8B4A-11D0-8D11-00A0C91BC942}") = "1055", "1055.vcxproj", "{04C51597-C997-460E-9C33-DF272FC19CB6}"
EndProject
Global
	GlobalSection(SolutionConfigurationPlatforms) = preSolution
		Debug|x64 = Debug|x64
		Debug|x86 = Debug|x86
		Release|x64 = Release|x64
		Release|x86 = Release|x86
	EndGlobalSection
	GlobalSection(ProjectConfigurationPlatforms) = postSolution
		{04C51597-C997-460E-9C33-DF272FC19CB6}.Debug|x64.ActiveCfg = Debug|x64
		{04C51597-C997-460E-9C33-DF272FC19CB6}.Debug|x64.Build.0 = Debug|x64
		{04C51597-C997-460E-9C33-DF272FC19CB6}.Debug|x86.ActiveCfg = Debug|Win32
		{04C51597-C997-460E-9C33-DF272FC19CB6}.Debug|x86.Build.0 = Debug|Win32
		{04C51597-C997-460E-9C33-DF272FC19CB6}.Release|x64.ActiveCfg = Release|x64
		{04C51597-C997-460E-9C33-DF272FC19CB6}.Release|x64.Build.0 = Release|x64
		{04C51597-C997-460E-9C33-DF272FC19CB6}.Release|x86.ActiveCfg = Release|Win32
		{04C51597-C997-460E-9C33-DF272FC19CB6}.Release|x86.Build.0 = Release|Win32
	EndGlobalSection
	GlobalSection(SolutionProperties) = preSolution
		HideSolutionNode = FALSE
	EndGlobalSection
	GlobalSection(ExtensibilityGlobals) = postSolution
		SolutionGuid = {CC557079-188D-4670-82E9-1F7E65E830D5}
	EndGlobalSection
EndGlobal
