
Microsoft Visual Studio Solution File, Format Version 12.00
# Visual Studio Version 16
VisualStudioVersion = 16.0.30907.101
MinimumVisualStudioVersion = 10.0.40219.1
Project("{8BC9CEB8-8B4A-11D0-8D11-00A0C91BC942}") = "1024", "1024.vcxproj", "{EA4A7778-6ABC-4D4F-A772-F652B59C23E6}"
EndProject
Global
	GlobalSection(SolutionConfigurationPlatforms) = preSolution
		Debug|x64 = Debug|x64
		Debug|x86 = Debug|x86
		Release|x64 = Release|x64
		Release|x86 = Release|x86
	EndGlobalSection
	GlobalSection(ProjectConfigurationPlatforms) = postSolution
		{EA4A7778-6ABC-4D4F-A772-F652B59C23E6}.Debug|x64.ActiveCfg = Debug|x64
		{EA4A7778-6ABC-4D4F-A772-F652B59C23E6}.Debug|x64.Build.0 = Debug|x64
		{EA4A7778-6ABC-4D4F-A772-F652B59C23E6}.Debug|x86.ActiveCfg = Debug|Win32
		{EA4A7778-6ABC-4D4F-A772-F652B59C23E6}.Debug|x86.Build.0 = Debug|Win32
		{EA4A7778-6ABC-4D4F-A772-F652B59C23E6}.Release|x64.ActiveCfg = Release|x64
		{EA4A7778-6ABC-4D4F-A772-F652B59C23E6}.Release|x64.Build.0 = Release|x64
		{EA4A7778-6ABC-4D4F-A772-F652B59C23E6}.Release|x86.ActiveCfg = Release|Win32
		{EA4A7778-6ABC-4D4F-A772-F652B59C23E6}.Release|x86.Build.0 = Release|Win32
	EndGlobalSection
	GlobalSection(SolutionProperties) = preSolution
		HideSolutionNode = FALSE
	EndGlobalSection
	GlobalSection(ExtensibilityGlobals) = postSolution
		SolutionGuid = {4BA4FC27-2A1A-4153-9D07-CB38A2857FC4}
	EndGlobalSection
EndGlobal
