
Microsoft Visual Studio Solution File, Format Version 12.00
# Visual Studio Version 16
VisualStudioVersion = 16.0.30804.86
MinimumVisualStudioVersion = 10.0.40219.1
Project("{8BC9CEB8-8B4A-11D0-8D11-00A0C91BC942}") = "1009", "1009.vcxproj", "{D903A363-518A-4CAE-8AED-6921209EDCDB}"
EndProject
Global
	GlobalSection(SolutionConfigurationPlatforms) = preSolution
		Debug|x64 = Debug|x64
		Debug|x86 = Debug|x86
		Release|x64 = Release|x64
		Release|x86 = Release|x86
	EndGlobalSection
	GlobalSection(ProjectConfigurationPlatforms) = postSolution
		{D903A363-518A-4CAE-8AED-6921209EDCDB}.Debug|x64.ActiveCfg = Debug|x64
		{D903A363-518A-4CAE-8AED-6921209EDCDB}.Debug|x64.Build.0 = Debug|x64
		{D903A363-518A-4CAE-8AED-6921209EDCDB}.Debug|x86.ActiveCfg = Debug|Win32
		{D903A363-518A-4CAE-8AED-6921209EDCDB}.Debug|x86.Build.0 = Debug|Win32
		{D903A363-518A-4CAE-8AED-6921209EDCDB}.Release|x64.ActiveCfg = Release|x64
		{D903A363-518A-4CAE-8AED-6921209EDCDB}.Release|x64.Build.0 = Release|x64
		{D903A363-518A-4CAE-8AED-6921209EDCDB}.Release|x86.ActiveCfg = Release|Win32
		{D903A363-518A-4CAE-8AED-6921209EDCDB}.Release|x86.Build.0 = Release|Win32
	EndGlobalSection
	GlobalSection(SolutionProperties) = preSolution
		HideSolutionNode = FALSE
	EndGlobalSection
	GlobalSection(ExtensibilityGlobals) = postSolution
		SolutionGuid = {02A92DD5-8FBD-43E3-8C9E-72C2426A30C7}
	EndGlobalSection
EndGlobal
